
Microsoft Visual Studio Solution File, Format Version 12.00
# Visual Studio Version 16
VisualStudioVersion = 16.0.30503.244
MinimumVisualStudioVersion = 10.0.40219.1
Project("{9A19103F-16F7-4668-BE54-9A1E7A4F7556}") = "LinkedList", "LinkedList\LinkedList.csproj", "{3A691531-D1E4-49A8-8A50-D3A81423C13A}"
EndProject
Project("{9A19103F-16F7-4668-BE54-9A1E7A4F7556}") = "LinkedListTest", "LinkedListTest\LinkedListTest.csproj", "{A7F1D50B-E3D4-4BC2-AF07-E5279335131C}"
EndProject
Project("{9A19103F-16F7-4668-BE54-9A1E7A4F7556}") = "StackUsingLinkedList", "StackUsingLinkedList\StackUsingLinkedList.csproj", "{E052429D-26FA-4F4B-BA60-188D4B030A7A}"
EndProject
Project("{9A19103F-16F7-4668-BE54-9A1E7A4F7556}") = "QueueUsingLinkedList", "QueueUsingLinkedList\QueueUsingLinkedList.csproj", "{28A49202-B76E-4E05-B3EB-7E645FC5F148}"
EndProject
Project("{FAE04EC0-301F-11D3-BF4B-00C04F79EFBC}") = "HashTable", "HashTable\HashTable.csproj", "{1EE3111D-1319-44E3-A499-44405D7440F9}"
EndProject
Project("{FAE04EC0-301F-11D3-BF4B-00C04F79EFBC}") = "BinarySearchTree", "BinarySearchTree\BinarySearchTree.csproj", "{7634164D-26E5-4392-B7C0-FD0D304BB1AA}"
EndProject
Global
	GlobalSection(SolutionConfigurationPlatforms) = preSolution
		Debug|Any CPU = Debug|Any CPU
		Release|Any CPU = Release|Any CPU
	EndGlobalSection
	GlobalSection(ProjectConfigurationPlatforms) = postSolution
		{3A691531-D1E4-49A8-8A50-D3A81423C13A}.Debug|Any CPU.ActiveCfg = Debug|Any CPU
		{3A691531-D1E4-49A8-8A50-D3A81423C13A}.Debug|Any CPU.Build.0 = Debug|Any CPU
		{3A691531-D1E4-49A8-8A50-D3A81423C13A}.Release|Any CPU.ActiveCfg = Release|Any CPU
		{3A691531-D1E4-49A8-8A50-D3A81423C13A}.Release|Any CPU.Build.0 = Release|Any CPU
		{A7F1D50B-E3D4-4BC2-AF07-E5279335131C}.Debug|Any CPU.ActiveCfg = Debug|Any CPU
		{A7F1D50B-E3D4-4BC2-AF07-E5279335131C}.Debug|Any CPU.Build.0 = Debug|Any CPU
		{A7F1D50B-E3D4-4BC2-AF07-E5279335131C}.Release|Any CPU.ActiveCfg = Release|Any CPU
		{A7F1D50B-E3D4-4BC2-AF07-E5279335131C}.Release|Any CPU.Build.0 = Release|Any CPU
		{E052429D-26FA-4F4B-BA60-188D4B030A7A}.Debug|Any CPU.ActiveCfg = Debug|Any CPU
		{E052429D-26FA-4F4B-BA60-188D4B030A7A}.Debug|Any CPU.Build.0 = Debug|Any CPU
		{E052429D-26FA-4F4B-BA60-188D4B030A7A}.Release|Any CPU.ActiveCfg = Release|Any CPU
		{E052429D-26FA-4F4B-BA60-188D4B030A7A}.Release|Any CPU.Build.0 = Release|Any CPU
		{28A49202-B76E-4E05-B3EB-7E645FC5F148}.Debug|Any CPU.ActiveCfg = Debug|Any CPU
		{28A49202-B76E-4E05-B3EB-7E645FC5F148}.Debug|Any CPU.Build.0 = Debug|Any CPU
		{28A49202-B76E-4E05-B3EB-7E645FC5F148}.Release|Any CPU.ActiveCfg = Release|Any CPU
		{28A49202-B76E-4E05-B3EB-7E645FC5F148}.Release|Any CPU.Build.0 = Release|Any CPU
		{1EE3111D-1319-44E3-A499-44405D7440F9}.Debug|Any CPU.ActiveCfg = Debug|Any CPU
		{1EE3111D-1319-44E3-A499-44405D7440F9}.Debug|Any CPU.Build.0 = Debug|Any CPU
		{1EE3111D-1319-44E3-A499-44405D7440F9}.Release|Any CPU.ActiveCfg = Release|Any CPU
		{1EE3111D-1319-44E3-A499-44405D7440F9}.Release|Any CPU.Build.0 = Release|Any CPU
		{7634164D-26E5-4392-B7C0-FD0D304BB1AA}.Debug|Any CPU.ActiveCfg = Debug|Any CPU
		{7634164D-26E5-4392-B7C0-FD0D304BB1AA}.Debug|Any CPU.Build.0 = Debug|Any CPU
		{7634164D-26E5-4392-B7C0-FD0D304BB1AA}.Release|Any CPU.ActiveCfg = Release|Any CPU
		{7634164D-26E5-4392-B7C0-FD0D304BB1AA}.Release|Any CPU.Build.0 = Release|Any CPU
	EndGlobalSection
	GlobalSection(SolutionProperties) = preSolution
		HideSolutionNode = FALSE
	EndGlobalSection
	GlobalSection(ExtensibilityGlobals) = postSolution
		SolutionGuid = {C4AE4BA0-6435-4432-9FEF-F1AEEBF10287}
	EndGlobalSection
EndGlobal
